
Microsoft Visual Studio Solution File, Format Version 12.00
# Visual Studio Version 17
VisualStudioVersion = 17.11.35219.272
MinimumVisualStudioVersion = 10.0.40219.1
Project("{FAE04EC0-301F-11D3-BF4B-00C04F79EFBC}") = "Triangle1", "Triangle1.csproj", "{12ABFC69-970E-4D31-95FD-7EC2FE47DC43}"
EndProject
Global
	GlobalSection(SolutionConfigurationPlatforms) = preSolution
		Debug|Any CPU = Debug|Any CPU
		Release|Any CPU = Release|Any CPU
	EndGlobalSection
	GlobalSection(ProjectConfigurationPlatforms) = postSolution
		{12ABFC69-970E-4D31-95FD-7EC2FE47DC43}.Debug|Any CPU.ActiveCfg = Debug|Any CPU
		{12ABFC69-970E-4D31-95FD-7EC2FE47DC43}.Debug|Any CPU.Build.0 = Debug|Any CPU
		{12ABFC69-970E-4D31-95FD-7EC2FE47DC43}.Release|Any CPU.ActiveCfg = Release|Any CPU
		{12ABFC69-970E-4D31-95FD-7EC2FE47DC43}.Release|Any CPU.Build.0 = Release|Any CPU
	EndGlobalSection
	GlobalSection(SolutionProperties) = preSolution
		HideSolutionNode = FALSE
	EndGlobalSection
	GlobalSection(ExtensibilityGlobals) = postSolution
		SolutionGuid = {13D5E1FB-080B-469F-B431-3FA92497E566}
	EndGlobalSection
EndGlobal
